
Microsoft Visual Studio Solution File, Format Version 12.00
# Visual Studio 2013
VisualStudioVersion = 12.0.21005.1
MinimumVisualStudioVersion = 10.0.40219.1
Project("{FAE04EC0-301F-11D3-BF4B-00C04F79EFBC}") = "com.shatzenegger.cars.apps.web", "apps\web\src\com.shatzenegger.cars.apps.web.csproj", "{B50C012C-74D4-4F07-9CD4-6A9A8F88B209}"
EndProject
Project("{FAE04EC0-301F-11D3-BF4B-00C04F79EFBC}") = "com.shatzenegger.cars.contracts", "contracts\com.shatzenegger.cars.contracts.csproj", "{0A07D87F-8AEA-48C5-B544-A53A53023DD2}"
EndProject
Project("{FAE04EC0-301F-11D3-BF4B-00C04F79EFBC}") = "com.shatzenegger.cars.lib", "lib\src\com.shatzenegger.cars.lib.csproj", "{D14BFC06-9682-45FF-92F3-E04C76874D23}"
EndProject
Project("{FAE04EC0-301F-11D3-BF4B-00C04F79EFBC}") = "com.shatzenegger.cars.lib.tests", "lib\tests\src\com.shatzenegger.cars.lib.tests.csproj", "{7ACDC428-D9CE-474E-A402-1CB3169358A5}"
EndProject
Project("{FAE04EC0-301F-11D3-BF4B-00C04F79EFBC}") = "com.shatzenegger.cars.data", "data\src\com.shatzenegger.cars.data.csproj", "{228923CC-BD46-442D-A3E6-35B7835E3B1F}"
EndProject
Project("{FAE04EC0-301F-11D3-BF4B-00C04F79EFBC}") = "com.shatzenegger.cars.data.tests", "data\tests\src\com.shatzenegger.cars.data.tests.csproj", "{FE47A039-68F8-41A0-8187-D60564AC974B}"
EndProject
Global
	GlobalSection(SolutionConfigurationPlatforms) = preSolution
		Debug|Any CPU = Debug|Any CPU
		Release|Any CPU = Release|Any CPU
	EndGlobalSection
	GlobalSection(ProjectConfigurationPlatforms) = postSolution
		{B50C012C-74D4-4F07-9CD4-6A9A8F88B209}.Debug|Any CPU.ActiveCfg = Debug|Any CPU
		{B50C012C-74D4-4F07-9CD4-6A9A8F88B209}.Debug|Any CPU.Build.0 = Debug|Any CPU
		{B50C012C-74D4-4F07-9CD4-6A9A8F88B209}.Release|Any CPU.ActiveCfg = Release|Any CPU
		{B50C012C-74D4-4F07-9CD4-6A9A8F88B209}.Release|Any CPU.Build.0 = Release|Any CPU
		{0A07D87F-8AEA-48C5-B544-A53A53023DD2}.Debug|Any CPU.ActiveCfg = Debug|Any CPU
		{0A07D87F-8AEA-48C5-B544-A53A53023DD2}.Debug|Any CPU.Build.0 = Debug|Any CPU
		{0A07D87F-8AEA-48C5-B544-A53A53023DD2}.Release|Any CPU.ActiveCfg = Release|Any CPU
		{0A07D87F-8AEA-48C5-B544-A53A53023DD2}.Release|Any CPU.Build.0 = Release|Any CPU
		{D14BFC06-9682-45FF-92F3-E04C76874D23}.Debug|Any CPU.ActiveCfg = Debug|Any CPU
		{D14BFC06-9682-45FF-92F3-E04C76874D23}.Debug|Any CPU.Build.0 = Debug|Any CPU
		{D14BFC06-9682-45FF-92F3-E04C76874D23}.Release|Any CPU.ActiveCfg = Release|Any CPU
		{D14BFC06-9682-45FF-92F3-E04C76874D23}.Release|Any CPU.Build.0 = Release|Any CPU
		{7ACDC428-D9CE-474E-A402-1CB3169358A5}.Debug|Any CPU.ActiveCfg = Debug|Any CPU
		{7ACDC428-D9CE-474E-A402-1CB3169358A5}.Debug|Any CPU.Build.0 = Debug|Any CPU
		{7ACDC428-D9CE-474E-A402-1CB3169358A5}.Release|Any CPU.ActiveCfg = Release|Any CPU
		{7ACDC428-D9CE-474E-A402-1CB3169358A5}.Release|Any CPU.Build.0 = Release|Any CPU
		{228923CC-BD46-442D-A3E6-35B7835E3B1F}.Debug|Any CPU.ActiveCfg = Debug|Any CPU
		{228923CC-BD46-442D-A3E6-35B7835E3B1F}.Debug|Any CPU.Build.0 = Debug|Any CPU
		{228923CC-BD46-442D-A3E6-35B7835E3B1F}.Release|Any CPU.ActiveCfg = Release|Any CPU
		{228923CC-BD46-442D-A3E6-35B7835E3B1F}.Release|Any CPU.Build.0 = Release|Any CPU
		{FE47A039-68F8-41A0-8187-D60564AC974B}.Debug|Any CPU.ActiveCfg = Debug|Any CPU
		{FE47A039-68F8-41A0-8187-D60564AC974B}.Debug|Any CPU.Build.0 = Debug|Any CPU
		{FE47A039-68F8-41A0-8187-D60564AC974B}.Release|Any CPU.ActiveCfg = Release|Any CPU
		{FE47A039-68F8-41A0-8187-D60564AC974B}.Release|Any CPU.Build.0 = Release|Any CPU
	EndGlobalSection
	GlobalSection(SolutionProperties) = preSolution
		HideSolutionNode = FALSE
	EndGlobalSection
EndGlobal
